<?xml version="1.0" encoding="utf-8"?>
<Project ToolsVersion="4.0" xmlns="http://schemas.microsoft.com/developer/msbuild/2003">
  <ItemGroup>
    <Filter Include="ソース ファイル">
      <UniqueIdentifier>{4FC737F1-C7A5-4376-A066-2A32D752A2FF}</UniqueIdentifier>
      <Extensions>cpp;c;cc;cxx;def;odl;idl;hpj;bat;asm;asmx</Extensions>
    </Filter>
    <Filter Include="ソース ファイル\SYSTEM">
      <UniqueIdentifier>{faf1df01-4dff-4bc4-b6f0-aa5e6ad72d8f}</UniqueIdentifier>
    </Filter>
    <Filter Include="ヘッダー ファイル">
      <UniqueIdentifier>{93995380-89BD-4b04-88EB-625FBE52EBFB}</UniqueIdentifier>
      <Extensions>h;hpp;hxx;hm;inl;inc;xsd</Extensions>
    </Filter>
    <Filter Include="リソース ファイル">
      <UniqueIdentifier>{67DA6AB6-F800-4c08-8B7A-83BB121AAD01}</UniqueIdentifier>
      <Extensions>rc;ico;cur;bmp;dlg;rc2;rct;bin;rgs;gif;jpg;jpeg;jpe;resx;tiff;tif;png;wav</Extensions>
    </Filter>
    <Filter Include="シェーダー">
      <UniqueIdentifier>{4aaaf35d-60bb-4f56-96d4-0c441eccc9af}</UniqueIdentifier>
    </Filter>
    <Filter Include="IEX">
      <UniqueIdentifier>{653bbc0f-a755-47de-bf28-91c2bec67874}</UniqueIdentifier>
    </Filter>
  </ItemGroup>
  <ItemGroup>
    <ClCompile Include="source\camera.cpp">
      <Filter>ソース ファイル</Filter>
    </ClCompile>
    <ClCompile Include="source\chat.cpp">
      <Filter>ソース ファイル</Filter>
    </ClCompile>
    <ClCompile Include="config.cpp">
      <Filter>ソース ファイル</Filter>
    </ClCompile>
    <ClCompile Include="source\GameParam.cpp">
      <Filter>ソース ファイル</Filter>
    </ClCompile>
    <ClCompile Include="source\player.cpp">
      <Filter>ソース ファイル</Filter>
    </ClCompile>
    <ClCompile Include="source\sceneMain.cpp">
      <Filter>ソース ファイル</Filter>
    </ClCompile>
    <ClCompile Include="source\stage.cpp">
      <Filter>ソース ファイル</Filter>
    </ClCompile>
    <ClCompile Include="source\system\Framework.cpp">
      <Filter>ソース ファイル\SYSTEM</Filter>
    </ClCompile>
    <ClCompile Include="source\system\System.cpp">
      <Filter>ソース ファイル\SYSTEM</Filter>
    </ClCompile>
    <ClCompile Include="source\system\WinMain.cpp">
      <Filter>ソース ファイル\SYSTEM</Filter>
    </ClCompile>
    <ClCompile Include="IEX\IEX_2DObject.cpp">
      <Filter>IEX</Filter>
    </ClCompile>
    <ClCompile Include="IEX\IEX_3DObject.cpp">
      <Filter>IEX</Filter>
    </ClCompile>
    <ClCompile Include="IEX\IEX_Audio.cpp">
      <Filter>IEX</Filter>
    </ClCompile>
    <ClCompile Include="IEX\IEX_Direct3D.cpp">
      <Filter>IEX</Filter>
    </ClCompile>
    <ClCompile Include="IEX\IEX_Input.cpp">
      <Filter>IEX</Filter>
    </ClCompile>
    <ClCompile Include="IEX\IEX_Light.cpp">
      <Filter>IEX</Filter>
    </ClCompile>
    <ClCompile Include="IEX\IEX_Math.cpp">
      <Filter>IEX</Filter>
    </ClCompile>
    <ClCompile Include="IEX\IEX_Mesh.cpp">
      <Filter>IEX</Filter>
    </ClCompile>
    <ClCompile Include="IEX\IEX_Particle.cpp">
      <Filter>IEX</Filter>
    </ClCompile>
    <ClCompile Include="IEX\IEX_Polygon.cpp">
      <Filter>IEX</Filter>
    </ClCompile>
    <ClCompile Include="IEX\IEX_RenderState.cpp">
      <Filter>IEX</Filter>
    </ClCompile>
    <ClCompile Include="IEX\IEX_Shader.cpp">
      <Filter>IEX</Filter>
    </ClCompile>
    <ClCompile Include="IEX\IEX_SkinMesh.cpp">
      <Filter>IEX</Filter>
    </ClCompile>
    <ClCompile Include="IEX\IEX_System.cpp">
      <Filter>IEX</Filter>
    </ClCompile>
    <ClCompile Include="IEX\IEX_Texture.cpp">
      <Filter>IEX</Filter>
    </ClCompile>
    <ClCompile Include="IEX\IEX_View.cpp">
      <Filter>IEX</Filter>
    </ClCompile>
    <ClCompile Include="source\SocketClient.cpp">
      <Filter>ソース ファイル</Filter>
    </ClCompile>
  </ItemGroup>
  <ItemGroup>
    <ClInclude Include="source\camera.h">
      <Filter>ヘッダー ファイル</Filter>
    </ClInclude>
    <ClInclude Include="source\chat.h">
      <Filter>ヘッダー ファイル</Filter>
    </ClInclude>
    <ClInclude Include="source\GameParam.h">
      <Filter>ヘッダー ファイル</Filter>
    </ClInclude>
    <ClInclude Include="source\player.h">
      <Filter>ヘッダー ファイル</Filter>
    </ClInclude>
    <ClInclude Include="source\sceneMain.h">
      <Filter>ヘッダー ファイル</Filter>
    </ClInclude>
    <ClInclude Include="source\stage.h">
      <Filter>ヘッダー ファイル</Filter>
    </ClInclude>
    <ClInclude Include="source\system\System.h">
      <Filter>ヘッダー ファイル</Filter>
    </ClInclude>
    <ClInclude Include="IEX\iextreme.h">
      <Filter>IEX</Filter>
    </ClInclude>
    <ClInclude Include="source\SocketClient.h">
      <Filter>ヘッダー ファイル</Filter>
    </ClInclude>
  </ItemGroup>
  <ItemGroup>
    <ResourceCompile Include="resource.rc">
      <Filter>リソース ファイル</Filter>
    </ResourceCompile>
  </ItemGroup>
  <ItemGroup>
    <None Include="DATA\Shader\2D.fx">
      <Filter>シェーダー</Filter>
    </None>
  </ItemGroup>
  <ItemGroup>
    <CustomBuild Include="DATA\Shader\3DEx.fx">
      <Filter>シェーダー</Filter>
    </CustomBuild>
  </ItemGroup>
</Project>